// !$*UTF8*$!
{
	archiveVersion = 1;
	classes = {
	};
	objectVersion = 56;
	objects = {

/* Begin PBXBuildFile section */
		0D36595C29950EA7008C47CC /* AppDelegate.swift in Sources */ = {isa = PBXBuildFile; fileRef = 0D36595B29950EA7008C47CC /* AppDelegate.swift */; };
		0D36595E29950EA7008C47CC /* SceneDelegate.swift in Sources */ = {isa = PBXBuildFile; fileRef = 0D36595D29950EA7008C47CC /* SceneDelegate.swift */; };
		0D36596529950EA9008C47CC /* Assets.xcassets in Resources */ = {isa = PBXBuildFile; fileRef = 0D36596429950EA9008C47CC /* Assets.xcassets */; };
		0D3659932996F954008C47CC /* FeedViewController.swift in Sources */ = {isa = PBXBuildFile; fileRef = 0D3659922996F954008C47CC /* FeedViewController.swift */; };
		0D3659952996F967008C47CC /* ProfileViewController.swift in Sources */ = {isa = PBXBuildFile; fileRef = 0D3659942996F967008C47CC /* ProfileViewController.swift */; };
		0D365999299913F0008C47CC /* PostViewController.swift in Sources */ = {isa = PBXBuildFile; fileRef = 0D365998299913F0008C47CC /* PostViewController.swift */; };
		0D36599C299B9DA3008C47CC /* Info.swift in Sources */ = {isa = PBXBuildFile; fileRef = 0D36599B299B9DA3008C47CC /* Info.swift */; };
		0D374F0129D717E8003FF07D /* ShowPostView.swift in Sources */ = {isa = PBXBuildFile; fileRef = 0D374F0029D717E8003FF07D /* ShowPostView.swift */; };
		0D3AA92F2AF685B5007E867A /* Extensions.swift in Sources */ = {isa = PBXBuildFile; fileRef = 0D3AA92E2AF685B5007E867A /* Extensions.swift */; };
		0D3AA9332AF689F2007E867A /* MainFeedViewController.swift in Sources */ = {isa = PBXBuildFile; fileRef = 0D3AA9322AF689F2007E867A /* MainFeedViewController.swift */; };
		0D3AA9352AF68A28007E867A /* MainFeedCell.swift in Sources */ = {isa = PBXBuildFile; fileRef = 0D3AA9342AF68A28007E867A /* MainFeedCell.swift */; };
		0D3AA9372AF68A48007E867A /* TabBar.swift in Sources */ = {isa = PBXBuildFile; fileRef = 0D3AA9362AF68A48007E867A /* TabBar.swift */; };
		0D5070B929D88E6D00B9332C /* ShowPostViewController.swift in Sources */ = {isa = PBXBuildFile; fileRef = 0D5070B829D88E6C00B9332C /* ShowPostViewController.swift */; };
		0D5070BD29E046A700B9332C /* LoginValidation.swift in Sources */ = {isa = PBXBuildFile; fileRef = 0D5070BC29E046A700B9332C /* LoginValidation.swift */; };
		0D565EAF2AFC0402001B97DA /* NetworkDataFetcher.swift in Sources */ = {isa = PBXBuildFile; fileRef = 0D565EAE2AFC0402001B97DA /* NetworkDataFetcher.swift */; };
		0D565EB12AFEBED4001B97DA /* SearchPhotosViewController.swift in Sources */ = {isa = PBXBuildFile; fileRef = 0D565EB02AFEBED4001B97DA /* SearchPhotosViewController.swift */; };
		0D565EB52B004F1A001B97DA /* PhotosSearchCell.swift in Sources */ = {isa = PBXBuildFile; fileRef = 0D565EB42B004F1A001B97DA /* PhotosSearchCell.swift */; };
		0D57880329A0CEDE008036D7 /* ProfileHeaderView.swift in Sources */ = {isa = PBXBuildFile; fileRef = 0D57880229A0CEDE008036D7 /* ProfileHeaderView.swift */; };
		0D57880629A0F974008036D7 /* Post.swift in Sources */ = {isa = PBXBuildFile; fileRef = 0D57880529A0F974008036D7 /* Post.swift */; };
		0D9DA58C29B25C86001E6147 /* PhotosTableViewCell.swift in Sources */ = {isa = PBXBuildFile; fileRef = 0D9DA58B29B25C86001E6147 /* PhotosTableViewCell.swift */; };
		0D9DA59029B2725C001E6147 /* PhotosViewController.swift in Sources */ = {isa = PBXBuildFile; fileRef = 0D9DA58F29B2725C001E6147 /* PhotosViewController.swift */; };
		0D9DA59229B3A0FB001E6147 /* PhotoPost.swift in Sources */ = {isa = PBXBuildFile; fileRef = 0D9DA59129B3A0FB001E6147 /* PhotoPost.swift */; };
		0D9DA59429B50722001E6147 /* PhotoCollectionViewCell.swift in Sources */ = {isa = PBXBuildFile; fileRef = 0D9DA59329B50722001E6147 /* PhotoCollectionViewCell.swift */; };
		0DACF3CD29A8B24500507C01 /* LogInViewController.swift in Sources */ = {isa = PBXBuildFile; fileRef = 0DACF3CC29A8B24500507C01 /* LogInViewController.swift */; };
		0DACF3D229AD2F4800507C01 /* PostTableViewCell.swift in Sources */ = {isa = PBXBuildFile; fileRef = 0DACF3D129AD2F4800507C01 /* PostTableViewCell.swift */; };
		0DACF3D429AD33EA00507C01 /* ProfilePosts.swift in Sources */ = {isa = PBXBuildFile; fileRef = 0DACF3D329AD33EA00507C01 /* ProfilePosts.swift */; };
		0DACF3D629AD3E0B00507C01 /* UiView Extension.swift in Sources */ = {isa = PBXBuildFile; fileRef = 0DACF3D529AD3E0B00507C01 /* UiView Extension.swift */; };
		0DD393732AF6AB5C00AB8CDF /* Kingfisher in Frameworks */ = {isa = PBXBuildFile; productRef = 0DD393722AF6AB5C00AB8CDF /* Kingfisher */; };
		0DD393792AF7FB4600AB8CDF /* HTTPMethod.swift in Sources */ = {isa = PBXBuildFile; fileRef = 0DD393782AF7FB4600AB8CDF /* HTTPMethod.swift */; };
		0DD3938B2AF90DFF00AB8CDF /* NetworkService.swift in Sources */ = {isa = PBXBuildFile; fileRef = 0DD3938A2AF90DFF00AB8CDF /* NetworkService.swift */; };
		0DD3938D2AF9191700AB8CDF /* ModelMainFeed.swift in Sources */ = {isa = PBXBuildFile; fileRef = 0DD3938C2AF9191700AB8CDF /* ModelMainFeed.swift */; };
		0DD983AF2B0C0A98001D256A /* NetworkingError.swift in Sources */ = {isa = PBXBuildFile; fileRef = 0DD983AE2B0C0A98001D256A /* NetworkingError.swift */; };
/* End PBXBuildFile section */

/* Begin PBXFileReference section */
		0D36595829950EA7008C47CC /* Navigation.app */ = {isa = PBXFileReference; explicitFileType = wrapper.application; includeInIndex = 0; path = Navigation.app; sourceTree = BUILT_PRODUCTS_DIR; };
		0D36595B29950EA7008C47CC /* AppDelegate.swift */ = {isa = PBXFileReference; lastKnownFileType = sourcecode.swift; path = AppDelegate.swift; sourceTree = "<group>"; };
		0D36595D29950EA7008C47CC /* SceneDelegate.swift */ = {isa = PBXFileReference; lastKnownFileType = sourcecode.swift; path = SceneDelegate.swift; sourceTree = "<group>"; };
		0D36596429950EA9008C47CC /* Assets.xcassets */ = {isa = PBXFileReference; lastKnownFileType = folder.assetcatalog; path = Assets.xcassets; sourceTree = "<group>"; };
		0D36596929950EA9008C47CC /* Info.plist */ = {isa = PBXFileReference; lastKnownFileType = text.plist.xml; path = Info.plist; sourceTree = "<group>"; };
		0D3659922996F954008C47CC /* FeedViewController.swift */ = {isa = PBXFileReference; lastKnownFileType = sourcecode.swift; path = FeedViewController.swift; sourceTree = "<group>"; };
		0D3659942996F967008C47CC /* ProfileViewController.swift */ = {isa = PBXFileReference; lastKnownFileType = sourcecode.swift; path = ProfileViewController.swift; sourceTree = "<group>"; };
		0D365998299913F0008C47CC /* PostViewController.swift */ = {isa = PBXFileReference; lastKnownFileType = sourcecode.swift; path = PostViewController.swift; sourceTree = "<group>"; };
		0D36599B299B9DA3008C47CC /* Info.swift */ = {isa = PBXFileReference; lastKnownFileType = sourcecode.swift; path = Info.swift; sourceTree = "<group>"; };
		0D374F0029D717E8003FF07D /* ShowPostView.swift */ = {isa = PBXFileReference; lastKnownFileType = sourcecode.swift; path = ShowPostView.swift; sourceTree = "<group>"; };
		0D3AA92E2AF685B5007E867A /* Extensions.swift */ = {isa = PBXFileReference; fileEncoding = 4; lastKnownFileType = sourcecode.swift; name = Extensions.swift; path = "../../../../Downloads/NetologyGraduationProject-main/Navigation/Resources/Extensions.swift"; sourceTree = "<group>"; };
		0D3AA9322AF689F2007E867A /* MainFeedViewController.swift */ = {isa = PBXFileReference; lastKnownFileType = sourcecode.swift; path = MainFeedViewController.swift; sourceTree = "<group>"; };
		0D3AA9342AF68A28007E867A /* MainFeedCell.swift */ = {isa = PBXFileReference; lastKnownFileType = sourcecode.swift; path = MainFeedCell.swift; sourceTree = "<group>"; };
		0D3AA9362AF68A48007E867A /* TabBar.swift */ = {isa = PBXFileReference; lastKnownFileType = sourcecode.swift; path = TabBar.swift; sourceTree = "<group>"; };
		0D5070B829D88E6C00B9332C /* ShowPostViewController.swift */ = {isa = PBXFileReference; lastKnownFileType = sourcecode.swift; path = ShowPostViewController.swift; sourceTree = "<group>"; };
		0D5070BC29E046A700B9332C /* LoginValidation.swift */ = {isa = PBXFileReference; lastKnownFileType = sourcecode.swift; path = LoginValidation.swift; sourceTree = "<group>"; };
		0D565EAE2AFC0402001B97DA /* NetworkDataFetcher.swift */ = {isa = PBXFileReference; lastKnownFileType = sourcecode.swift; path = NetworkDataFetcher.swift; sourceTree = "<group>"; };
		0D565EB02AFEBED4001B97DA /* SearchPhotosViewController.swift */ = {isa = PBXFileReference; lastKnownFileType = sourcecode.swift; path = SearchPhotosViewController.swift; sourceTree = "<group>"; };
		0D565EB42B004F1A001B97DA /* PhotosSearchCell.swift */ = {isa = PBXFileReference; lastKnownFileType = sourcecode.swift; path = PhotosSearchCell.swift; sourceTree = "<group>"; };
		0D57880229A0CEDE008036D7 /* ProfileHeaderView.swift */ = {isa = PBXFileReference; lastKnownFileType = sourcecode.swift; path = ProfileHeaderView.swift; sourceTree = "<group>"; };
		0D57880529A0F974008036D7 /* Post.swift */ = {isa = PBXFileReference; lastKnownFileType = sourcecode.swift; path = Post.swift; sourceTree = "<group>"; };
		0D9DA58B29B25C86001E6147 /* PhotosTableViewCell.swift */ = {isa = PBXFileReference; lastKnownFileType = sourcecode.swift; path = PhotosTableViewCell.swift; sourceTree = "<group>"; };
		0D9DA58F29B2725C001E6147 /* PhotosViewController.swift */ = {isa = PBXFileReference; lastKnownFileType = sourcecode.swift; path = PhotosViewController.swift; sourceTree = "<group>"; };
		0D9DA59129B3A0FB001E6147 /* PhotoPost.swift */ = {isa = PBXFileReference; lastKnownFileType = sourcecode.swift; path = PhotoPost.swift; sourceTree = "<group>"; };
		0D9DA59329B50722001E6147 /* PhotoCollectionViewCell.swift */ = {isa = PBXFileReference; lastKnownFileType = sourcecode.swift; path = PhotoCollectionViewCell.swift; sourceTree = "<group>"; };
		0DACF3CC29A8B24500507C01 /* LogInViewController.swift */ = {isa = PBXFileReference; lastKnownFileType = sourcecode.swift; path = LogInViewController.swift; sourceTree = "<group>"; };
		0DACF3D129AD2F4800507C01 /* PostTableViewCell.swift */ = {isa = PBXFileReference; lastKnownFileType = sourcecode.swift; path = PostTableViewCell.swift; sourceTree = "<group>"; };
		0DACF3D329AD33EA00507C01 /* ProfilePosts.swift */ = {isa = PBXFileReference; lastKnownFileType = sourcecode.swift; path = ProfilePosts.swift; sourceTree = "<group>"; };
		0DACF3D529AD3E0B00507C01 /* UiView Extension.swift */ = {isa = PBXFileReference; lastKnownFileType = sourcecode.swift; path = "UiView Extension.swift"; sourceTree = "<group>"; };
		0DD393782AF7FB4600AB8CDF /* HTTPMethod.swift */ = {isa = PBXFileReference; lastKnownFileType = sourcecode.swift; path = HTTPMethod.swift; sourceTree = "<group>"; };
		0DD3938A2AF90DFF00AB8CDF /* NetworkService.swift */ = {isa = PBXFileReference; lastKnownFileType = sourcecode.swift; path = NetworkService.swift; sourceTree = "<group>"; };
		0DD3938C2AF9191700AB8CDF /* ModelMainFeed.swift */ = {isa = PBXFileReference; lastKnownFileType = sourcecode.swift; path = ModelMainFeed.swift; sourceTree = "<group>"; };
		0DD983AE2B0C0A98001D256A /* NetworkingError.swift */ = {isa = PBXFileReference; lastKnownFileType = sourcecode.swift; path = NetworkingError.swift; sourceTree = "<group>"; };
/* End PBXFileReference section */

/* Begin PBXFrameworksBuildPhase section */
		0D36595529950EA7008C47CC /* Frameworks */ = {
			isa = PBXFrameworksBuildPhase;
			buildActionMask = 2147483647;
			files = (
				0DD393732AF6AB5C00AB8CDF /* Kingfisher in Frameworks */,
			);
			runOnlyForDeploymentPostprocessing = 0;
		};
/* End PBXFrameworksBuildPhase section */

/* Begin PBXGroup section */
		0D15E035299E481E000BBBD9 /* Resources */ = {
			isa = PBXGroup;
			children = (
				0DACF3D529AD3E0B00507C01 /* UiView Extension.swift */,
				0D57880529A0F974008036D7 /* Post.swift */,
				0D3AA92E2AF685B5007E867A /* Extensions.swift */,
				0D36596429950EA9008C47CC /* Assets.xcassets */,
				0D36599B299B9DA3008C47CC /* Info.swift */,
				0D36596929950EA9008C47CC /* Info.plist */,
			);
			path = Resources;
			sourceTree = "<group>";
		};
		0D36594F29950EA7008C47CC = {
			isa = PBXGroup;
			children = (
				0D36595A29950EA7008C47CC /* Navigation */,
				0D36595929950EA7008C47CC /* Products */,
			);
			sourceTree = "<group>";
		};
		0D36595929950EA7008C47CC /* Products */ = {
			isa = PBXGroup;
			children = (
				0D36595829950EA7008C47CC /* Navigation.app */,
			);
			name = Products;
			sourceTree = "<group>";
		};
		0D36595A29950EA7008C47CC /* Navigation */ = {
			isa = PBXGroup;
			children = (
				0D36599A2999289D008C47CC /* Application */,
				0DD393752AF7FA1900AB8CDF /* Networking */,
				0D565EB32B003E82001B97DA /* Models */,
				0DD393742AF6AF0000AB8CDF /* TabBar */,
				0DACF3D729AE1E0200507C01 /* Login */,
				0D57880429A0CEF7008036D7 /* Profile */,
				0D9DA58E29B25DD0001E6147 /* Photos */,
				0DACF3D829AE1E4100507C01 /* Feed */,
				0D565EB22AFEBEDB001B97DA /* Search */,
				0DACF3D929AE1E4B00507C01 /* Post */,
				0D15E035299E481E000BBBD9 /* Resources */,
			);
			path = Navigation;
			sourceTree = "<group>";
		};
		0D36599A2999289D008C47CC /* Application */ = {
			isa = PBXGroup;
			children = (
				0D36595B29950EA7008C47CC /* AppDelegate.swift */,
				0D36595D29950EA7008C47CC /* SceneDelegate.swift */,
			);
			path = Application;
			sourceTree = "<group>";
		};
		0D5070B729D88D2000B9332C /* ShowPost */ = {
			isa = PBXGroup;
			children = (
				0D5070B829D88E6C00B9332C /* ShowPostViewController.swift */,
				0D374F0029D717E8003FF07D /* ShowPostView.swift */,
			);
			path = ShowPost;
			sourceTree = "<group>";
		};
		0D565EB22AFEBEDB001B97DA /* Search */ = {
			isa = PBXGroup;
			children = (
				0D565EB02AFEBED4001B97DA /* SearchPhotosViewController.swift */,
				0D565EB42B004F1A001B97DA /* PhotosSearchCell.swift */,
			);
			path = Search;
			sourceTree = "<group>";
		};
		0D565EB32B003E82001B97DA /* Models */ = {
			isa = PBXGroup;
			children = (
				0DACF3CE29ABC9EB00507C01 /* Mocks Models */,
				0DD3938C2AF9191700AB8CDF /* ModelMainFeed.swift */,
			);
			path = Models;
			sourceTree = "<group>";
		};
		0D57880429A0CEF7008036D7 /* Profile */ = {
			isa = PBXGroup;
			children = (
				0D3659942996F967008C47CC /* ProfileViewController.swift */,
				0DACF3D129AD2F4800507C01 /* PostTableViewCell.swift */,
				0D57880229A0CEDE008036D7 /* ProfileHeaderView.swift */,
				0D5070B729D88D2000B9332C /* ShowPost */,
			);
			path = Profile;
			sourceTree = "<group>";
		};
		0D9DA58E29B25DD0001E6147 /* Photos */ = {
			isa = PBXGroup;
			children = (
				0D9DA58B29B25C86001E6147 /* PhotosTableViewCell.swift */,
				0D9DA58F29B2725C001E6147 /* PhotosViewController.swift */,
				0D9DA59329B50722001E6147 /* PhotoCollectionViewCell.swift */,
			);
			path = Photos;
			sourceTree = "<group>";
		};
		0DACF3CE29ABC9EB00507C01 /* Mocks Models */ = {
			isa = PBXGroup;
			children = (
				0DACF3D329AD33EA00507C01 /* ProfilePosts.swift */,
				0D9DA59129B3A0FB001E6147 /* PhotoPost.swift */,
			);
			path = "Mocks Models";
			sourceTree = "<group>";
		};
		0DACF3D729AE1E0200507C01 /* Login */ = {
			isa = PBXGroup;
			children = (
				0DACF3CC29A8B24500507C01 /* LogInViewController.swift */,
				0D5070BC29E046A700B9332C /* LoginValidation.swift */,
			);
			path = Login;
			sourceTree = "<group>";
		};
		0DACF3D829AE1E4100507C01 /* Feed */ = {
			isa = PBXGroup;
			children = (
				0D3AA9322AF689F2007E867A /* MainFeedViewController.swift */,
				0D3659922996F954008C47CC /* FeedViewController.swift */,
				0D3AA9342AF68A28007E867A /* MainFeedCell.swift */,
			);
			path = Feed;
			sourceTree = "<group>";
		};
		0DACF3D929AE1E4B00507C01 /* Post */ = {
			isa = PBXGroup;
			children = (
				0D365998299913F0008C47CC /* PostViewController.swift */,
			);
			path = Post;
			sourceTree = "<group>";
		};
		0DD393742AF6AF0000AB8CDF /* TabBar */ = {
			isa = PBXGroup;
			children = (
				0D3AA9362AF68A48007E867A /* TabBar.swift */,
			);
			path = TabBar;
			sourceTree = "<group>";
		};
		0DD393752AF7FA1900AB8CDF /* Networking */ = {
			isa = PBXGroup;
			children = (
				0DD983AE2B0C0A98001D256A /* NetworkingError.swift */,
				0DD3938A2AF90DFF00AB8CDF /* NetworkService.swift */,
				0D565EAE2AFC0402001B97DA /* NetworkDataFetcher.swift */,
				0DD393782AF7FB4600AB8CDF /* HTTPMethod.swift */,
			);
			path = Networking;
			sourceTree = "<group>";
		};
/* End PBXGroup section */

/* Begin PBXNativeTarget section */
		0D36595729950EA7008C47CC /* Navigation */ = {
			isa = PBXNativeTarget;
			buildConfigurationList = 0D36596C29950EA9008C47CC /* Build configuration list for PBXNativeTarget "Navigation" */;
			buildPhases = (
				0D36595429950EA7008C47CC /* Sources */,
				0D36595529950EA7008C47CC /* Frameworks */,
				0D36595629950EA7008C47CC /* Resources */,
			);
			buildRules = (
			);
			dependencies = (
			);
			name = Navigation;
			packageProductDependencies = (
				0DD393722AF6AB5C00AB8CDF /* Kingfisher */,
			);
			productName = Navigation;
			productReference = 0D36595829950EA7008C47CC /* Navigation.app */;
			productType = "com.apple.product-type.application";
		};
/* End PBXNativeTarget section */

/* Begin PBXProject section */
		0D36595029950EA7008C47CC /* Project object */ = {
			isa = PBXProject;
			attributes = {
				BuildIndependentTargetsInParallel = 1;
				LastSwiftUpdateCheck = 1420;
				LastUpgradeCheck = 1510;
				TargetAttributes = {
					0D36595729950EA7008C47CC = {
						CreatedOnToolsVersion = 14.2;
					};
				};
			};
			buildConfigurationList = 0D36595329950EA7008C47CC /* Build configuration list for PBXProject "Navigation" */;
			compatibilityVersion = "Xcode 14.0";
			developmentRegion = en;
			hasScannedForEncodings = 0;
			knownRegions = (
				en,
				Base,
			);
			mainGroup = 0D36594F29950EA7008C47CC;
			packageReferences = (
				0DD393712AF6AB5C00AB8CDF /* XCRemoteSwiftPackageReference "Kingfisher" */,
			);
			productRefGroup = 0D36595929950EA7008C47CC /* Products */;
			projectDirPath = "";
			projectRoot = "";
			targets = (
				0D36595729950EA7008C47CC /* Navigation */,
			);
		};
/* End PBXProject section */

/* Begin PBXResourcesBuildPhase section */
		0D36595629950EA7008C47CC /* Resources */ = {
			isa = PBXResourcesBuildPhase;
			buildActionMask = 2147483647;
			files = (
				0D36596529950EA9008C47CC /* Assets.xcassets in Resources */,
			);
			runOnlyForDeploymentPostprocessing = 0;
		};
/* End PBXResourcesBuildPhase section */

/* Begin PBXSourcesBuildPhase section */
		0D36595429950EA7008C47CC /* Sources */ = {
			isa = PBXSourcesBuildPhase;
			buildActionMask = 2147483647;
			files = (
				0D565EAF2AFC0402001B97DA /* NetworkDataFetcher.swift in Sources */,
				0DD3938D2AF9191700AB8CDF /* ModelMainFeed.swift in Sources */,
				0D9DA58C29B25C86001E6147 /* PhotosTableViewCell.swift in Sources */,
				0D9DA59229B3A0FB001E6147 /* PhotoPost.swift in Sources */,
				0D365999299913F0008C47CC /* PostViewController.swift in Sources */,
				0D3AA9372AF68A48007E867A /* TabBar.swift in Sources */,
				0D36595C29950EA7008C47CC /* AppDelegate.swift in Sources */,
				0DACF3CD29A8B24500507C01 /* LogInViewController.swift in Sources */,
				0D3AA9332AF689F2007E867A /* MainFeedViewController.swift in Sources */,
				0D9DA59429B50722001E6147 /* PhotoCollectionViewCell.swift in Sources */,
				0DD393792AF7FB4600AB8CDF /* HTTPMethod.swift in Sources */,
				0D3659932996F954008C47CC /* FeedViewController.swift in Sources */,
				0D565EB52B004F1A001B97DA /* PhotosSearchCell.swift in Sources */,
				0D3659952996F967008C47CC /* ProfileViewController.swift in Sources */,
				0D565EB12AFEBED4001B97DA /* SearchPhotosViewController.swift in Sources */,
				0D9DA59029B2725C001E6147 /* PhotosViewController.swift in Sources */,
				0DACF3D629AD3E0B00507C01 /* UiView Extension.swift in Sources */,
				0D5070BD29E046A700B9332C /* LoginValidation.swift in Sources */,
				0D36599C299B9DA3008C47CC /* Info.swift in Sources */,
				0D3AA9352AF68A28007E867A /* MainFeedCell.swift in Sources */,
				0DD983AF2B0C0A98001D256A /* NetworkingError.swift in Sources */,
				0D5070B929D88E6D00B9332C /* ShowPostViewController.swift in Sources */,
				0D57880629A0F974008036D7 /* Post.swift in Sources */,
				0D374F0129D717E8003FF07D /* ShowPostView.swift in Sources */,
				0D3AA92F2AF685B5007E867A /* Extensions.swift in Sources */,
				0D36595E29950EA7008C47CC /* SceneDelegate.swift in Sources */,
				0DACF3D429AD33EA00507C01 /* ProfilePosts.swift in Sources */,
				0DACF3D229AD2F4800507C01 /* PostTableViewCell.swift in Sources */,
				0DD3938B2AF90DFF00AB8CDF /* NetworkService.swift in Sources */,
				0D57880329A0CEDE008036D7 /* ProfileHeaderView.swift in Sources */,
			);
			runOnlyForDeploymentPostprocessing = 0;
		};
/* End PBXSourcesBuildPhase section */

/* Begin XCBuildConfiguration section */
		0D36596A29950EA9008C47CC /* Debug */ = {
			isa = XCBuildConfiguration;
			buildSettings = {
				ALWAYS_SEARCH_USER_PATHS = NO;
				CLANG_ANALYZER_NONNULL = YES;
				CLANG_ANALYZER_NUMBER_OBJECT_CONVERSION = YES_AGGRESSIVE;
				CLANG_CXX_LANGUAGE_STANDARD = "gnu++20";
				CLANG_ENABLE_MODULES = YES;
				CLANG_ENABLE_OBJC_ARC = YES;
				CLANG_ENABLE_OBJC_WEAK = YES;
				CLANG_WARN_BLOCK_CAPTURE_AUTORELEASING = YES;
				CLANG_WARN_BOOL_CONVERSION = YES;
				CLANG_WARN_COMMA = YES;
				CLANG_WARN_CONSTANT_CONVERSION = YES;
				CLANG_WARN_DEPRECATED_OBJC_IMPLEMENTATIONS = YES;
				CLANG_WARN_DIRECT_OBJC_ISA_USAGE = YES_ERROR;
				CLANG_WARN_DOCUMENTATION_COMMENTS = YES;
				CLANG_WARN_EMPTY_BODY = YES;
				CLANG_WARN_ENUM_CONVERSION = YES;
				CLANG_WARN_INFINITE_RECURSION = YES;
				CLANG_WARN_INT_CONVERSION = YES;
				CLANG_WARN_NON_LITERAL_NULL_CONVERSION = YES;
				CLANG_WARN_OBJC_IMPLICIT_RETAIN_SELF = YES;
				CLANG_WARN_OBJC_LITERAL_CONVERSION = YES;
				CLANG_WARN_OBJC_ROOT_CLASS = YES_ERROR;
				CLANG_WARN_QUOTED_INCLUDE_IN_FRAMEWORK_HEADER = YES;
				CLANG_WARN_RANGE_LOOP_ANALYSIS = YES;
				CLANG_WARN_STRICT_PROTOTYPES = YES;
				CLANG_WARN_SUSPICIOUS_MOVE = YES;
				CLANG_WARN_UNGUARDED_AVAILABILITY = YES_AGGRESSIVE;
				CLANG_WARN_UNREACHABLE_CODE = YES;
				CLANG_WARN__DUPLICATE_METHOD_MATCH = YES;
				COPY_PHASE_STRIP = NO;
				DEBUG_INFORMATION_FORMAT = dwarf;
				ENABLE_STRICT_OBJC_MSGSEND = YES;
				ENABLE_TESTABILITY = YES;
				ENABLE_USER_SCRIPT_SANDBOXING = YES;
				GCC_C_LANGUAGE_STANDARD = gnu11;
				GCC_DYNAMIC_NO_PIC = NO;
				GCC_NO_COMMON_BLOCKS = YES;
				GCC_OPTIMIZATION_LEVEL = 0;
				GCC_PREPROCESSOR_DEFINITIONS = (
					"DEBUG=1",
					"$(inherited)",
				);
				GCC_WARN_64_TO_32_BIT_CONVERSION = YES;
				GCC_WARN_ABOUT_RETURN_TYPE = YES_ERROR;
				GCC_WARN_UNDECLARED_SELECTOR = YES;
				GCC_WARN_UNINITIALIZED_AUTOS = YES_AGGRESSIVE;
				GCC_WARN_UNUSED_FUNCTION = YES;
				GCC_WARN_UNUSED_VARIABLE = YES;
				IPHONEOS_DEPLOYMENT_TARGET = 15.0;
				MTL_ENABLE_DEBUG_INFO = INCLUDE_SOURCE;
				MTL_FAST_MATH = YES;
				ONLY_ACTIVE_ARCH = YES;
				SDKROOT = iphoneos;
				SWIFT_ACTIVE_COMPILATION_CONDITIONS = DEBUG;
				SWIFT_OPTIMIZATION_LEVEL = "-Onone";
			};
			name = Debug;
		};
		0D36596B29950EA9008C47CC /* Release */ = {
			isa = XCBuildConfiguration;
			buildSettings = {
				ALWAYS_SEARCH_USER_PATHS = NO;
				CLANG_ANALYZER_NONNULL = YES;
				CLANG_ANALYZER_NUMBER_OBJECT_CONVERSION = YES_AGGRESSIVE;
				CLANG_CXX_LANGUAGE_STANDARD = "gnu++20";
				CLANG_ENABLE_MODULES = YES;
				CLANG_ENABLE_OBJC_ARC = YES;
				CLANG_ENABLE_OBJC_WEAK = YES;
				CLANG_WARN_BLOCK_CAPTURE_AUTORELEASING = YES;
				CLANG_WARN_BOOL_CONVERSION = YES;
				CLANG_WARN_COMMA = YES;
				CLANG_WARN_CONSTANT_CONVERSION = YES;
				CLANG_WARN_DEPRECATED_OBJC_IMPLEMENTATIONS = YES;
				CLANG_WARN_DIRECT_OBJC_ISA_USAGE = YES_ERROR;
				CLANG_WARN_DOCUMENTATION_COMMENTS = YES;
				CLANG_WARN_EMPTY_BODY = YES;
				CLANG_WARN_ENUM_CONVERSION = YES;
				CLANG_WARN_INFINITE_RECURSION = YES;
				CLANG_WARN_INT_CONVERSION = YES;
				CLANG_WARN_NON_LITERAL_NULL_CONVERSION = YES;
				CLANG_WARN_OBJC_IMPLICIT_RETAIN_SELF = YES;
				CLANG_WARN_OBJC_LITERAL_CONVERSION = YES;
				CLANG_WARN_OBJC_ROOT_CLASS = YES_ERROR;
				CLANG_WARN_QUOTED_INCLUDE_IN_FRAMEWORK_HEADER = YES;
				CLANG_WARN_RANGE_LOOP_ANALYSIS = YES;
				CLANG_WARN_STRICT_PROTOTYPES = YES;
				CLANG_WARN_SUSPICIOUS_MOVE = YES;
				CLANG_WARN_UNGUARDED_AVAILABILITY = YES_AGGRESSIVE;
				CLANG_WARN_UNREACHABLE_CODE = YES;
				CLANG_WARN__DUPLICATE_METHOD_MATCH = YES;
				COPY_PHASE_STRIP = NO;
				DEBUG_INFORMATION_FORMAT = "dwarf-with-dsym";
				ENABLE_NS_ASSERTIONS = NO;
				ENABLE_STRICT_OBJC_MSGSEND = YES;
				ENABLE_USER_SCRIPT_SANDBOXING = YES;
				GCC_C_LANGUAGE_STANDARD = gnu11;
				GCC_NO_COMMON_BLOCKS = YES;
				GCC_WARN_64_TO_32_BIT_CONVERSION = YES;
				GCC_WARN_ABOUT_RETURN_TYPE = YES_ERROR;
				GCC_WARN_UNDECLARED_SELECTOR = YES;
				GCC_WARN_UNINITIALIZED_AUTOS = YES_AGGRESSIVE;
				GCC_WARN_UNUSED_FUNCTION = YES;
				GCC_WARN_UNUSED_VARIABLE = YES;
				IPHONEOS_DEPLOYMENT_TARGET = 15.0;
				MTL_ENABLE_DEBUG_INFO = NO;
				MTL_FAST_MATH = YES;
				SDKROOT = iphoneos;
				SWIFT_COMPILATION_MODE = wholemodule;
				SWIFT_OPTIMIZATION_LEVEL = "-O";
				VALIDATE_PRODUCT = YES;
			};
			name = Release;
		};
		0D36596D29950EA9008C47CC /* Debug */ = {
			isa = XCBuildConfiguration;
			buildSettings = {
				ASSETCATALOG_COMPILER_APPICON_NAME = AppIcon;
				ASSETCATALOG_COMPILER_GLOBAL_ACCENT_COLOR_NAME = AccentColor;
				CODE_SIGN_STYLE = Automatic;
				CURRENT_PROJECT_VERSION = 1;
				DEVELOPMENT_TEAM = XF47SHGC5P;
				GENERATE_INFOPLIST_FILE = YES;
				INFOPLIST_FILE = Navigation/Resources/Info.plist;
				INFOPLIST_KEY_UIApplicationSupportsIndirectInputEvents = YES;
				INFOPLIST_KEY_UILaunchStoryboardName = LaunchScreen;
				INFOPLIST_KEY_UISupportedInterfaceOrientations = UIInterfaceOrientationPortrait;
				INFOPLIST_KEY_UISupportedInterfaceOrientations_iPad = "UIInterfaceOrientationLandscapeLeft UIInterfaceOrientationLandscapeRight UIInterfaceOrientationPortrait UIInterfaceOrientationPortraitUpsideDown";
				IPHONEOS_DEPLOYMENT_TARGET = 15.0;
				LD_RUNPATH_SEARCH_PATHS = (
					"$(inherited)",
					"@executable_path/Frameworks",
				);
				MARKETING_VERSION = 1.0;
				PRODUCT_BUNDLE_IDENTIFIER = "Daniil-Kulikovskiy.Navigation";
				PRODUCT_NAME = "$(TARGET_NAME)";
				SUPPORTED_PLATFORMS = "iphoneos iphonesimulator";
				SUPPORTS_MACCATALYST = NO;
				SUPPORTS_MAC_DESIGNED_FOR_IPHONE_IPAD = NO;
				SUPPORTS_XR_DESIGNED_FOR_IPHONE_IPAD = NO;
				SWIFT_EMIT_LOC_STRINGS = YES;
				SWIFT_VERSION = 5.0;
				TARGETED_DEVICE_FAMILY = 1;
			};
			name = Debug;
		};
		0D36596E29950EA9008C47CC /* Release */ = {
			isa = XCBuildConfiguration;
			buildSettings = {
				ASSETCATALOG_COMPILER_APPICON_NAME = AppIcon;
				ASSETCATALOG_COMPILER_GLOBAL_ACCENT_COLOR_NAME = AccentColor;
				CODE_SIGN_STYLE = Automatic;
				CURRENT_PROJECT_VERSION = 1;
				DEVELOPMENT_TEAM = XF47SHGC5P;
				GENERATE_INFOPLIST_FILE = YES;
				INFOPLIST_FILE = Navigation/Resources/Info.plist;
				INFOPLIST_KEY_UIApplicationSupportsIndirectInputEvents = YES;
				INFOPLIST_KEY_UILaunchStoryboardName = LaunchScreen;
				INFOPLIST_KEY_UISupportedInterfaceOrientations = UIInterfaceOrientationPortrait;
				INFOPLIST_KEY_UISupportedInterfaceOrientations_iPad = "UIInterfaceOrientationLandscapeLeft UIInterfaceOrientationLandscapeRight UIInterfaceOrientationPortrait UIInterfaceOrientationPortraitUpsideDown";
				IPHONEOS_DEPLOYMENT_TARGET = 15.0;
				LD_RUNPATH_SEARCH_PATHS = (
					"$(inherited)",
					"@executable_path/Frameworks",
				);
				MARKETING_VERSION = 1.0;
				PRODUCT_BUNDLE_IDENTIFIER = "Daniil-Kulikovskiy.Navigation";
				PRODUCT_NAME = "$(TARGET_NAME)";
				SUPPORTED_PLATFORMS = "iphoneos iphonesimulator";
				SUPPORTS_MACCATALYST = NO;
				SUPPORTS_MAC_DESIGNED_FOR_IPHONE_IPAD = NO;
				SUPPORTS_XR_DESIGNED_FOR_IPHONE_IPAD = NO;
				SWIFT_EMIT_LOC_STRINGS = YES;
				SWIFT_VERSION = 5.0;
				TARGETED_DEVICE_FAMILY = 1;
			};
			name = Release;
		};
/* End XCBuildConfiguration section */

/* Begin XCConfigurationList section */
		0D36595329950EA7008C47CC /* Build configuration list for PBXProject "Navigation" */ = {
			isa = XCConfigurationList;
			buildConfigurations = (
				0D36596A29950EA9008C47CC /* Debug */,
				0D36596B29950EA9008C47CC /* Release */,
			);
			defaultConfigurationIsVisible = 0;
			defaultConfigurationName = Release;
		};
		0D36596C29950EA9008C47CC /* Build configuration list for PBXNativeTarget "Navigation" */ = {
			isa = XCConfigurationList;
			buildConfigurations = (
				0D36596D29950EA9008C47CC /* Debug */,
				0D36596E29950EA9008C47CC /* Release */,
			);
			defaultConfigurationIsVisible = 0;
			defaultConfigurationName = Release;
		};
/* End XCConfigurationList section */

/* Begin XCRemoteSwiftPackageReference section */
		0DD393712AF6AB5C00AB8CDF /* XCRemoteSwiftPackageReference "Kingfisher" */ = {
			isa = XCRemoteSwiftPackageReference;
			repositoryURL = "https://github.com/onevcat/Kingfisher.git";
			requirement = {
				kind = upToNextMajorVersion;
				minimumVersion = 7.10.0;
			};
		};
/* End XCRemoteSwiftPackageReference section */

/* Begin XCSwiftPackageProductDependency section */
		0DD393722AF6AB5C00AB8CDF /* Kingfisher */ = {
			isa = XCSwiftPackageProductDependency;
			package = 0DD393712AF6AB5C00AB8CDF /* XCRemoteSwiftPackageReference "Kingfisher" */;
			productName = Kingfisher;
		};
/* End XCSwiftPackageProductDependency section */
	};
	rootObject = 0D36595029950EA7008C47CC /* Project object */;
}
